Microsoft Visual Studio Solution File, Format Version 12.00
# Visual Studio Version 17
VisualStudioVersion = 17.5.2.0
MinimumVisualStudioVersion = 10.0.40219.1
Project("{FAE04EC0-301F-11D3-BF4B-00C04F79EFBC}") = "OffishWorkersProject", "OffishWorkersProject.csproj", "{CEE4CF4C-57A6-D13B-6599-16C66CF8432C}"
EndProject
Global
	GlobalSection(SolutionConfigurationPlatforms) = preSolution
		Debug|Any CPU = Debug|Any CPU
		Release|Any CPU = Release|Any CPU
	EndGlobalSection
	GlobalSection(ProjectConfigurationPlatforms) = postSolution
		{CEE4CF4C-57A6-D13B-6599-16C66CF8432C}.Debug|Any CPU.ActiveCfg = Debug|Any CPU
		{CEE4CF4C-57A6-D13B-6599-16C66CF8432C}.Debug|Any CPU.Build.0 = Debug|Any CPU
		{CEE4CF4C-57A6-D13B-6599-16C66CF8432C}.Release|Any CPU.ActiveCfg = Release|Any CPU
		{CEE4CF4C-57A6-D13B-6599-16C66CF8432C}.Release|Any CPU.Build.0 = Release|Any CPU
	EndGlobalSection
	GlobalSection(SolutionProperties) = preSolution
		HideSolutionNode = FALSE
	EndGlobalSection
	GlobalSection(ExtensibilityGlobals) = postSolution
		SolutionGuid = {DAB9B3CB-B3B2-4734-8809-AE266B94E4DE}
	EndGlobalSection
EndGlobal
